
Microsoft Visual Studio Solution File, Format Version 12.00
# Visual Studio Version 16
VisualStudioVersion = 16.0.31205.134
MinimumVisualStudioVersion = 10.0.40219.1
Project("{FAE04EC0-301F-11D3-BF4B-00C04F79EFBC}") = "OnlineShop", "OnlineShop\OnlineShop.csproj", "{4D694825-289A-467C-AA60-1ABD76C1E8A0}"
EndProject
Project("{FAE04EC0-301F-11D3-BF4B-00C04F79EFBC}") = "Model", "Model\Model.csproj", "{6B732869-5917-4AC8-A6DA-10B6EFAF4D1F}"
EndProject
Project("{FAE04EC0-301F-11D3-BF4B-00C04F79EFBC}") = "MySqlConnectDB", "MySqlConnectDB\MySqlConnectDB.csproj", "{5533E031-91B5-4CD7-9792-C9A0EFE7DCC5}"
EndProject
Global
	GlobalSection(SolutionConfigurationPlatforms) = preSolution
		Debug|Any CPU = Debug|Any CPU
		Release|Any CPU = Release|Any CPU
	EndGlobalSection
	GlobalSection(ProjectConfigurationPlatforms) = postSolution
		{4D694825-289A-467C-AA60-1ABD76C1E8A0}.Debug|Any CPU.ActiveCfg = Debug|Any CPU
		{4D694825-289A-467C-AA60-1ABD76C1E8A0}.Debug|Any CPU.Build.0 = Debug|Any CPU
		{4D694825-289A-467C-AA60-1ABD76C1E8A0}.Release|Any CPU.ActiveCfg = Release|Any CPU
		{4D694825-289A-467C-AA60-1ABD76C1E8A0}.Release|Any CPU.Build.0 = Release|Any CPU
		{6B732869-5917-4AC8-A6DA-10B6EFAF4D1F}.Debug|Any CPU.ActiveCfg = Debug|Any CPU
		{6B732869-5917-4AC8-A6DA-10B6EFAF4D1F}.Debug|Any CPU.Build.0 = Debug|Any CPU
		{6B732869-5917-4AC8-A6DA-10B6EFAF4D1F}.Release|Any CPU.ActiveCfg = Release|Any CPU
		{6B732869-5917-4AC8-A6DA-10B6EFAF4D1F}.Release|Any CPU.Build.0 = Release|Any CPU
		{5533E031-91B5-4CD7-9792-C9A0EFE7DCC5}.Debug|Any CPU.ActiveCfg = Debug|Any CPU
		{5533E031-91B5-4CD7-9792-C9A0EFE7DCC5}.Debug|Any CPU.Build.0 = Debug|Any CPU
		{5533E031-91B5-4CD7-9792-C9A0EFE7DCC5}.Release|Any CPU.ActiveCfg = Release|Any CPU
		{5533E031-91B5-4CD7-9792-C9A0EFE7DCC5}.Release|Any CPU.Build.0 = Release|Any CPU
	EndGlobalSection
	GlobalSection(SolutionProperties) = preSolution
		HideSolutionNode = FALSE
	EndGlobalSection
	GlobalSection(ExtensibilityGlobals) = postSolution
		SolutionGuid = {828D8024-29CE-45C0-8627-6C5143F28668}
	EndGlobalSection
EndGlobal
